
Microsoft Visual Studio Solution File, Format Version 12.00
# Visual Studio Version 17
VisualStudioVersion = 17.3.32811.315
MinimumVisualStudioVersion = 10.0.40219.1
Project("{FAE04EC0-301F-11D3-BF4B-00C04F79EFBC}") = "RangeVote2", "RangeVote2\RangeVote2.csproj", "{2ECD8F76-B6EE-4D21-9406-E64122699495}"
EndProject
Project("{FAE04EC0-301F-11D3-BF4B-00C04F79EFBC}") = "RangeVote2.Tests", "RangeVote2.Tests\RangeVote2.Tests.csproj", "{EC9EDE15-075B-4793-9496-1B8C50278DF7}"
EndProject
Global
	GlobalSection(SolutionConfigurationPlatforms) = preSolution
		Debug|Any CPU = Debug|Any CPU
		Debug|x64 = Debug|x64
		Debug|x86 = Debug|x86
		Release|Any CPU = Release|Any CPU
		Release|x64 = Release|x64
		Release|x86 = Release|x86
	EndGlobalSection
	GlobalSection(ProjectConfigurationPlatforms) = postSolution
		{2ECD8F76-B6EE-4D21-9406-E64122699495}.Debug|Any CPU.ActiveCfg = Debug|Any CPU
		{2ECD8F76-B6EE-4D21-9406-E64122699495}.Debug|Any CPU.Build.0 = Debug|Any CPU
		{2ECD8F76-B6EE-4D21-9406-E64122699495}.Debug|x64.ActiveCfg = Debug|Any CPU
		{2ECD8F76-B6EE-4D21-9406-E64122699495}.Debug|x64.Build.0 = Debug|Any CPU
		{2ECD8F76-B6EE-4D21-9406-E64122699495}.Debug|x86.ActiveCfg = Debug|Any CPU
		{2ECD8F76-B6EE-4D21-9406-E64122699495}.Debug|x86.Build.0 = Debug|Any CPU
		{2ECD8F76-B6EE-4D21-9406-E64122699495}.Release|Any CPU.ActiveCfg = Release|Any CPU
		{2ECD8F76-B6EE-4D21-9406-E64122699495}.Release|Any CPU.Build.0 = Release|Any CPU
		{2ECD8F76-B6EE-4D21-9406-E64122699495}.Release|x64.ActiveCfg = Release|Any CPU
		{2ECD8F76-B6EE-4D21-9406-E64122699495}.Release|x64.Build.0 = Release|Any CPU
		{2ECD8F76-B6EE-4D21-9406-E64122699495}.Release|x86.ActiveCfg = Release|Any CPU
		{2ECD8F76-B6EE-4D21-9406-E64122699495}.Release|x86.Build.0 = Release|Any CPU
		{EC9EDE15-075B-4793-9496-1B8C50278DF7}.Debug|Any CPU.ActiveCfg = Debug|Any CPU
		{EC9EDE15-075B-4793-9496-1B8C50278DF7}.Debug|Any CPU.Build.0 = Debug|Any CPU
		{EC9EDE15-075B-4793-9496-1B8C50278DF7}.Debug|x64.ActiveCfg = Debug|Any CPU
		{EC9EDE15-075B-4793-9496-1B8C50278DF7}.Debug|x64.Build.0 = Debug|Any CPU
		{EC9EDE15-075B-4793-9496-1B8C50278DF7}.Debug|x86.ActiveCfg = Debug|Any CPU
		{EC9EDE15-075B-4793-9496-1B8C50278DF7}.Debug|x86.Build.0 = Debug|Any CPU
		{EC9EDE15-075B-4793-9496-1B8C50278DF7}.Release|Any CPU.ActiveCfg = Release|Any CPU
		{EC9EDE15-075B-4793-9496-1B8C50278DF7}.Release|Any CPU.Build.0 = Release|Any CPU
		{EC9EDE15-075B-4793-9496-1B8C50278DF7}.Release|x64.ActiveCfg = Release|Any CPU
		{EC9EDE15-075B-4793-9496-1B8C50278DF7}.Release|x64.Build.0 = Release|Any CPU
		{EC9EDE15-075B-4793-9496-1B8C50278DF7}.Release|x86.ActiveCfg = Release|Any CPU
		{EC9EDE15-075B-4793-9496-1B8C50278DF7}.Release|x86.Build.0 = Release|Any CPU
	EndGlobalSection
	GlobalSection(SolutionProperties) = preSolution
		HideSolutionNode = FALSE
	EndGlobalSection
	GlobalSection(ExtensibilityGlobals) = postSolution
		SolutionGuid = {F11A7FF9-3051-4F1B-A1EF-148A7E4D8038}
	EndGlobalSection
EndGlobal
