
Microsoft Visual Studio Solution File, Format Version 12.00
# Visual Studio Version 17
VisualStudioVersion = 17.3.32811.315
MinimumVisualStudioVersion = 10.0.40219.1
Project("{FAE04EC0-301F-11D3-BF4B-00C04F79EFBC}") = "RangeVote2", "RangeVote2\RangeVote2.csproj", "{2ECD8F76-B6EE-4D21-9406-E64122699495}"
EndProject
Global
	GlobalSection(SolutionConfigurationPlatforms) = preSolution
		Debug|Any CPU = Debug|Any CPU
		Release|Any CPU = Release|Any CPU
	EndGlobalSection
	GlobalSection(ProjectConfigurationPlatforms) = postSolution
		{2ECD8F76-B6EE-4D21-9406-E64122699495}.Debug|Any CPU.ActiveCfg = Debug|Any CPU
		{2ECD8F76-B6EE-4D21-9406-E64122699495}.Debug|Any CPU.Build.0 = Debug|Any CPU
		{2ECD8F76-B6EE-4D21-9406-E64122699495}.Release|Any CPU.ActiveCfg = Release|Any CPU
		{2ECD8F76-B6EE-4D21-9406-E64122699495}.Release|Any CPU.Build.0 = Release|Any CPU
	EndGlobalSection
	GlobalSection(SolutionProperties) = preSolution
		HideSolutionNode = FALSE
	EndGlobalSection
	GlobalSection(ExtensibilityGlobals) = postSolution
		SolutionGuid = {F11A7FF9-3051-4F1B-A1EF-148A7E4D8038}
	EndGlobalSection
EndGlobal
